
Microsoft Visual Studio Solution File, Format Version 12.00
# Visual Studio Version 17
VisualStudioVersion = 17.11.35303.130
MinimumVisualStudioVersion = 10.0.40219.1
Project("{9A19103F-16F7-4668-BE54-9A1E7A4F7556}") = "CRUD", "CRUD\CRUD.csproj", "{ABC38F71-E65B-4037-AF4D-0A8C72DC2CE9}"
EndProject
Project("{9A19103F-16F7-4668-BE54-9A1E7A4F7556}") = "CRUDShared", "CRUDShared\CRUDShared.csproj", "{E6C2A6D0-4DB6-40A5-80CC-ACA69C257CE5}"
EndProject
Project("{FAE04EC0-301F-11D3-BF4B-00C04F79EFBC}") = "CRUDMailSender", "CRUDMailSender\CRUDMailSender.csproj", "{A1FF3D50-F08E-495D-8469-D9B75E765F42}"
EndProject
Global
	GlobalSection(SolutionConfigurationPlatforms) = preSolution
		Debug|Any CPU = Debug|Any CPU
		Release|Any CPU = Release|Any CPU
	EndGlobalSection
	GlobalSection(ProjectConfigurationPlatforms) = postSolution
		{ABC38F71-E65B-4037-AF4D-0A8C72DC2CE9}.Debug|Any CPU.ActiveCfg = Debug|Any CPU
		{ABC38F71-E65B-4037-AF4D-0A8C72DC2CE9}.Debug|Any CPU.Build.0 = Debug|Any CPU
		{ABC38F71-E65B-4037-AF4D-0A8C72DC2CE9}.Release|Any CPU.ActiveCfg = Release|Any CPU
		{ABC38F71-E65B-4037-AF4D-0A8C72DC2CE9}.Release|Any CPU.Build.0 = Release|Any CPU
		{E6C2A6D0-4DB6-40A5-80CC-ACA69C257CE5}.Debug|Any CPU.ActiveCfg = Debug|Any CPU
		{E6C2A6D0-4DB6-40A5-80CC-ACA69C257CE5}.Debug|Any CPU.Build.0 = Debug|Any CPU
		{E6C2A6D0-4DB6-40A5-80CC-ACA69C257CE5}.Release|Any CPU.ActiveCfg = Release|Any CPU
		{E6C2A6D0-4DB6-40A5-80CC-ACA69C257CE5}.Release|Any CPU.Build.0 = Release|Any CPU
		{A1FF3D50-F08E-495D-8469-D9B75E765F42}.Debug|Any CPU.ActiveCfg = Debug|Any CPU
		{A1FF3D50-F08E-495D-8469-D9B75E765F42}.Debug|Any CPU.Build.0 = Debug|Any CPU
		{A1FF3D50-F08E-495D-8469-D9B75E765F42}.Release|Any CPU.ActiveCfg = Release|Any CPU
		{A1FF3D50-F08E-495D-8469-D9B75E765F42}.Release|Any CPU.Build.0 = Release|Any CPU
	EndGlobalSection
	GlobalSection(SolutionProperties) = preSolution
		HideSolutionNode = FALSE
	EndGlobalSection
	GlobalSection(ExtensibilityGlobals) = postSolution
		SolutionGuid = {6E69C949-B737-40B9-83CB-B264ED973A30}
	EndGlobalSection
EndGlobal
